
Microsoft Visual Studio Solution File, Format Version 12.00
# Visual Studio 15
VisualStudioVersion = 15.0.28010.2048
MinimumVisualStudioVersion = 10.0.40219.1
Project("{FAE04EC0-301F-11D3-BF4B-00C04F79EFBC}") = "LR2l", "LR2\LR2l.csproj", "{89E6ACCE-AE9C-495B-A37C-BBFFE374B389}"
EndProject
Global
	GlobalSection(SolutionConfigurationPlatforms) = preSolution
		Debug|Any CPU = Debug|Any CPU
		Release|Any CPU = Release|Any CPU
	EndGlobalSection
	GlobalSection(ProjectConfigurationPlatforms) = postSolution
		{89E6ACCE-AE9C-495B-A37C-BBFFE374B389}.Debug|Any CPU.ActiveCfg = Debug|Any CPU
		{89E6ACCE-AE9C-495B-A37C-BBFFE374B389}.Debug|Any CPU.Build.0 = Debug|Any CPU
		{89E6ACCE-AE9C-495B-A37C-BBFFE374B389}.Release|Any CPU.ActiveCfg = Release|Any CPU
		{89E6ACCE-AE9C-495B-A37C-BBFFE374B389}.Release|Any CPU.Build.0 = Release|Any CPU
	EndGlobalSection
	GlobalSection(SolutionProperties) = preSolution
		HideSolutionNode = FALSE
	EndGlobalSection
	GlobalSection(ExtensibilityGlobals) = postSolution
		SolutionGuid = {D3882178-DE0E-4A93-A269-54B5E387756D}
	EndGlobalSection
EndGlobal
